{
  "name": "travel-buddy",
  "version": "1.0.0",
  "lockfileVersion": 3,
  "requires": true,
  "packages": {
    "": {
      "name": "travel-buddy",
      "version": "1.0.0",
      "hasInstallScript": true,
      "license": "ISC",
      "dependencies": {
        "travel-buddy": "file:"
      }
    },
    "node_modules/travel-buddy": {
      "resolved": "",
      "link": true
    }
  }
}
